
Microsoft Visual Studio Solution File, Format Version 12.00
# Visual Studio Version 17
VisualStudioVersion = 17.0.31919.166
MinimumVisualStudioVersion = 10.0.40219.1
Project("{FAE04EC0-301F-11D3-BF4B-00C04F79EFBC}") = "Network Device Manager Desktop", "Network Device Manager Desktop\Network Device Manager Desktop.csproj", "{883814D1-3C1E-4C46-8B72-870C20C3832C}"
EndProject
Global
	GlobalSection(SolutionConfigurationPlatforms) = preSolution
		Debug|Any CPU = Debug|Any CPU
		Release|Any CPU = Release|Any CPU
	EndGlobalSection
	GlobalSection(ProjectConfigurationPlatforms) = postSolution
		{883814D1-3C1E-4C46-8B72-870C20C3832C}.Debug|Any CPU.ActiveCfg = Debug|Any CPU
		{883814D1-3C1E-4C46-8B72-870C20C3832C}.Debug|Any CPU.Build.0 = Debug|Any CPU
		{883814D1-3C1E-4C46-8B72-870C20C3832C}.Release|Any CPU.ActiveCfg = Release|Any CPU
		{883814D1-3C1E-4C46-8B72-870C20C3832C}.Release|Any CPU.Build.0 = Release|Any CPU
	EndGlobalSection
	GlobalSection(SolutionProperties) = preSolution
		HideSolutionNode = FALSE
	EndGlobalSection
	GlobalSection(ExtensibilityGlobals) = postSolution
		SolutionGuid = {513459BF-DF5D-43B8-BD51-38C154A3E62E}
	EndGlobalSection
EndGlobal
